{
  "object": {
    "pins": [
      {
        "package": "PaperOnboarding",
        "repositoryURL": "https://github.com/Ramotion/paper-onboarding.git",
        "state": {
          "branch": null,
          "revision": "c77ff68563eb44671394e976b7c877dc442809d9",
          "version": "6.1.4"
        }
      }
    ]
  },
  "version": 1
}
